
Microsoft Visual Studio Solution File, Format Version 12.00
# Visual Studio 14
VisualStudioVersion = 14.0.24720.0
MinimumVisualStudioVersion = 10.0.40219.1
Project("{FAE04EC0-301F-11D3-BF4B-00C04F79EFBC}") = "WebDavClient", "WebDavClient\WebDavClient.csproj", "{238DE297-2D91-4120-BBCB-C1CE70374A60}"
EndProject
Project("{FAE04EC0-301F-11D3-BF4B-00C04F79EFBC}") = "WebDAVLibrary", "WebDAVLibrary\WebDAVLibrary.csproj", "{49EF0A56-2C34-4ABE-8F1F-85191599C65E}"
EndProject
Global
	GlobalSection(SolutionConfigurationPlatforms) = preSolution
		Debug|Any CPU = Debug|Any CPU
		Release|Any CPU = Release|Any CPU
	EndGlobalSection
	GlobalSection(ProjectConfigurationPlatforms) = postSolution
		{238DE297-2D91-4120-BBCB-C1CE70374A60}.Debug|Any CPU.ActiveCfg = Debug|Any CPU
		{238DE297-2D91-4120-BBCB-C1CE70374A60}.Debug|Any CPU.Build.0 = Debug|Any CPU
		{238DE297-2D91-4120-BBCB-C1CE70374A60}.Release|Any CPU.ActiveCfg = Release|Any CPU
		{238DE297-2D91-4120-BBCB-C1CE70374A60}.Release|Any CPU.Build.0 = Release|Any CPU
		{49EF0A56-2C34-4ABE-8F1F-85191599C65E}.Debug|Any CPU.ActiveCfg = Debug|Any CPU
		{49EF0A56-2C34-4ABE-8F1F-85191599C65E}.Debug|Any CPU.Build.0 = Debug|Any CPU
		{49EF0A56-2C34-4ABE-8F1F-85191599C65E}.Release|Any CPU.ActiveCfg = Release|Any CPU
		{49EF0A56-2C34-4ABE-8F1F-85191599C65E}.Release|Any CPU.Build.0 = Release|Any CPU
	EndGlobalSection
	GlobalSection(SolutionProperties) = preSolution
		HideSolutionNode = FALSE
	EndGlobalSection
EndGlobal
